
Microsoft Visual Studio Solution File, Format Version 12.00
# Visual Studio Version 17
VisualStudioVersion = 17.0.31903.59
MinimumVisualStudioVersion = 10.0.40219.1
Project("{FAE04EC0-301F-11D3-BF4B-00C04F79EFBC}") = "Producer", "Producer\Producer.csproj", "{1AFC0AD2-C412-4B6F-AD35-3FC2E1078421}"
EndProject
Project("{FAE04EC0-301F-11D3-BF4B-00C04F79EFBC}") = "FinnhubClient", "FinnhubClient\FinnhubClient.csproj", "{42BA718D-E87F-496B-A94E-53560B884B14}"
EndProject
Project("{FAE04EC0-301F-11D3-BF4B-00C04F79EFBC}") = "Consumer", "Consumer\Consumer.csproj", "{708793DE-D7A7-41DA-8137-EC93575A8651}"
EndProject
Project("{2150E333-8FDC-42A3-9474-1A3956D46DE8}") = ".Other Files", ".Other Files", "{8FA8BD9D-C3A6-4929-8B26-07ABC425376F}"
				ProjectSection(SolutionItems) = preProject
								Directory.Build.props = Directory.Build.props
								Directory.Packages.props = Directory.Packages.props
								..\README.md = ..\README.md
				EndProjectSection
EndProject
Global
	GlobalSection(SolutionConfigurationPlatforms) = preSolution
		Debug|Any CPU = Debug|Any CPU
		Debug|x64 = Debug|x64
		Debug|x86 = Debug|x86
		Release|Any CPU = Release|Any CPU
		Release|x64 = Release|x64
		Release|x86 = Release|x86
	EndGlobalSection
	GlobalSection(ProjectConfigurationPlatforms) = postSolution
		{1AFC0AD2-C412-4B6F-AD35-3FC2E1078421}.Debug|Any CPU.ActiveCfg = Debug|Any CPU
		{1AFC0AD2-C412-4B6F-AD35-3FC2E1078421}.Debug|Any CPU.Build.0 = Debug|Any CPU
		{1AFC0AD2-C412-4B6F-AD35-3FC2E1078421}.Debug|x64.ActiveCfg = Debug|Any CPU
		{1AFC0AD2-C412-4B6F-AD35-3FC2E1078421}.Debug|x64.Build.0 = Debug|Any CPU
		{1AFC0AD2-C412-4B6F-AD35-3FC2E1078421}.Debug|x86.ActiveCfg = Debug|Any CPU
		{1AFC0AD2-C412-4B6F-AD35-3FC2E1078421}.Debug|x86.Build.0 = Debug|Any CPU
		{1AFC0AD2-C412-4B6F-AD35-3FC2E1078421}.Release|Any CPU.ActiveCfg = Release|Any CPU
		{1AFC0AD2-C412-4B6F-AD35-3FC2E1078421}.Release|Any CPU.Build.0 = Release|Any CPU
		{1AFC0AD2-C412-4B6F-AD35-3FC2E1078421}.Release|x64.ActiveCfg = Release|Any CPU
		{1AFC0AD2-C412-4B6F-AD35-3FC2E1078421}.Release|x64.Build.0 = Release|Any CPU
		{1AFC0AD2-C412-4B6F-AD35-3FC2E1078421}.Release|x86.ActiveCfg = Release|Any CPU
		{1AFC0AD2-C412-4B6F-AD35-3FC2E1078421}.Release|x86.Build.0 = Release|Any CPU
		{42BA718D-E87F-496B-A94E-53560B884B14}.Debug|Any CPU.ActiveCfg = Debug|Any CPU
		{42BA718D-E87F-496B-A94E-53560B884B14}.Debug|Any CPU.Build.0 = Debug|Any CPU
		{42BA718D-E87F-496B-A94E-53560B884B14}.Debug|x64.ActiveCfg = Debug|Any CPU
		{42BA718D-E87F-496B-A94E-53560B884B14}.Debug|x64.Build.0 = Debug|Any CPU
		{42BA718D-E87F-496B-A94E-53560B884B14}.Debug|x86.ActiveCfg = Debug|Any CPU
		{42BA718D-E87F-496B-A94E-53560B884B14}.Debug|x86.Build.0 = Debug|Any CPU
		{42BA718D-E87F-496B-A94E-53560B884B14}.Release|Any CPU.ActiveCfg = Release|Any CPU
		{42BA718D-E87F-496B-A94E-53560B884B14}.Release|Any CPU.Build.0 = Release|Any CPU
		{42BA718D-E87F-496B-A94E-53560B884B14}.Release|x64.ActiveCfg = Release|Any CPU
		{42BA718D-E87F-496B-A94E-53560B884B14}.Release|x64.Build.0 = Release|Any CPU
		{42BA718D-E87F-496B-A94E-53560B884B14}.Release|x86.ActiveCfg = Release|Any CPU
		{42BA718D-E87F-496B-A94E-53560B884B14}.Release|x86.Build.0 = Release|Any CPU
		{708793DE-D7A7-41DA-8137-EC93575A8651}.Debug|Any CPU.ActiveCfg = Debug|Any CPU
		{708793DE-D7A7-41DA-8137-EC93575A8651}.Debug|Any CPU.Build.0 = Debug|Any CPU
		{708793DE-D7A7-41DA-8137-EC93575A8651}.Debug|x64.ActiveCfg = Debug|Any CPU
		{708793DE-D7A7-41DA-8137-EC93575A8651}.Debug|x64.Build.0 = Debug|Any CPU
		{708793DE-D7A7-41DA-8137-EC93575A8651}.Debug|x86.ActiveCfg = Debug|Any CPU
		{708793DE-D7A7-41DA-8137-EC93575A8651}.Debug|x86.Build.0 = Debug|Any CPU
		{708793DE-D7A7-41DA-8137-EC93575A8651}.Release|Any CPU.ActiveCfg = Release|Any CPU
		{708793DE-D7A7-41DA-8137-EC93575A8651}.Release|Any CPU.Build.0 = Release|Any CPU
		{708793DE-D7A7-41DA-8137-EC93575A8651}.Release|x64.ActiveCfg = Release|Any CPU
		{708793DE-D7A7-41DA-8137-EC93575A8651}.Release|x64.Build.0 = Release|Any CPU
		{708793DE-D7A7-41DA-8137-EC93575A8651}.Release|x86.ActiveCfg = Release|Any CPU
		{708793DE-D7A7-41DA-8137-EC93575A8651}.Release|x86.Build.0 = Release|Any CPU
	EndGlobalSection
	GlobalSection(SolutionProperties) = preSolution
		HideSolutionNode = FALSE
	EndGlobalSection
EndGlobal
