
Microsoft Visual Studio Solution File, Format Version 12.00
# Visual Studio Version 17
VisualStudioVersion = 17.0.31903.59
MinimumVisualStudioVersion = 10.0.40219.1
Project("{FAE04EC0-301F-11D3-BF4B-00C04F79EFBC}") = "Crawler", "Crawler\Crawler.csproj", "{A2EC4E7F-91CE-4531-AC07-77B8E774C747}"
EndProject
Project("{FAE04EC0-301F-11D3-BF4B-00C04F79EFBC}") = "Crawling", "Crawling\Crawling.csproj", "{6DE608E9-9F7A-424E-9F5A-819E33E30322}"
EndProject
Project("{FAE04EC0-301F-11D3-BF4B-00C04F79EFBC}") = "Crawling.Tests", "Crawling.Tests\Crawling.Tests.csproj", "{4C0DE722-DAAB-4C4F-9EDA-C1619DF61795}"
EndProject
Project("{2150E333-8FDC-42A3-9474-1A3956D46DE8}") = ".Other Files", ".Other Files", "{8FA8BD9D-C3A6-4929-8B26-07ABC425376F}"
    ProjectSection(SolutionItems) = preProject
        Directory.Build.props = Directory.Build.props
        Directory.Packages.props = Directory.Packages.props
        ..\README.md = ..\README.md
    EndProjectSection
EndProject
Global
	GlobalSection(SolutionConfigurationPlatforms) = preSolution
		Debug|Any CPU = Debug|Any CPU
		Debug|x64 = Debug|x64
		Debug|x86 = Debug|x86
		Release|Any CPU = Release|Any CPU
		Release|x64 = Release|x64
		Release|x86 = Release|x86
	EndGlobalSection
	GlobalSection(ProjectConfigurationPlatforms) = postSolution
		{A2EC4E7F-91CE-4531-AC07-77B8E774C747}.Debug|Any CPU.ActiveCfg = Debug|Any CPU
		{A2EC4E7F-91CE-4531-AC07-77B8E774C747}.Debug|Any CPU.Build.0 = Debug|Any CPU
		{A2EC4E7F-91CE-4531-AC07-77B8E774C747}.Debug|x64.ActiveCfg = Debug|Any CPU
		{A2EC4E7F-91CE-4531-AC07-77B8E774C747}.Debug|x64.Build.0 = Debug|Any CPU
		{A2EC4E7F-91CE-4531-AC07-77B8E774C747}.Debug|x86.ActiveCfg = Debug|Any CPU
		{A2EC4E7F-91CE-4531-AC07-77B8E774C747}.Debug|x86.Build.0 = Debug|Any CPU
		{A2EC4E7F-91CE-4531-AC07-77B8E774C747}.Release|Any CPU.ActiveCfg = Release|Any CPU
		{A2EC4E7F-91CE-4531-AC07-77B8E774C747}.Release|Any CPU.Build.0 = Release|Any CPU
		{A2EC4E7F-91CE-4531-AC07-77B8E774C747}.Release|x64.ActiveCfg = Release|Any CPU
		{A2EC4E7F-91CE-4531-AC07-77B8E774C747}.Release|x64.Build.0 = Release|Any CPU
		{A2EC4E7F-91CE-4531-AC07-77B8E774C747}.Release|x86.ActiveCfg = Release|Any CPU
		{A2EC4E7F-91CE-4531-AC07-77B8E774C747}.Release|x86.Build.0 = Release|Any CPU
		{6DE608E9-9F7A-424E-9F5A-819E33E30322}.Debug|Any CPU.ActiveCfg = Debug|Any CPU
		{6DE608E9-9F7A-424E-9F5A-819E33E30322}.Debug|Any CPU.Build.0 = Debug|Any CPU
		{6DE608E9-9F7A-424E-9F5A-819E33E30322}.Debug|x64.ActiveCfg = Debug|Any CPU
		{6DE608E9-9F7A-424E-9F5A-819E33E30322}.Debug|x64.Build.0 = Debug|Any CPU
		{6DE608E9-9F7A-424E-9F5A-819E33E30322}.Debug|x86.ActiveCfg = Debug|Any CPU
		{6DE608E9-9F7A-424E-9F5A-819E33E30322}.Debug|x86.Build.0 = Debug|Any CPU
		{6DE608E9-9F7A-424E-9F5A-819E33E30322}.Release|Any CPU.ActiveCfg = Release|Any CPU
		{6DE608E9-9F7A-424E-9F5A-819E33E30322}.Release|Any CPU.Build.0 = Release|Any CPU
		{6DE608E9-9F7A-424E-9F5A-819E33E30322}.Release|x64.ActiveCfg = Release|Any CPU
		{6DE608E9-9F7A-424E-9F5A-819E33E30322}.Release|x64.Build.0 = Release|Any CPU
		{6DE608E9-9F7A-424E-9F5A-819E33E30322}.Release|x86.ActiveCfg = Release|Any CPU
		{6DE608E9-9F7A-424E-9F5A-819E33E30322}.Release|x86.Build.0 = Release|Any CPU
		{4C0DE722-DAAB-4C4F-9EDA-C1619DF61795}.Debug|Any CPU.ActiveCfg = Debug|Any CPU
		{4C0DE722-DAAB-4C4F-9EDA-C1619DF61795}.Debug|Any CPU.Build.0 = Debug|Any CPU
		{4C0DE722-DAAB-4C4F-9EDA-C1619DF61795}.Debug|x64.ActiveCfg = Debug|Any CPU
		{4C0DE722-DAAB-4C4F-9EDA-C1619DF61795}.Debug|x64.Build.0 = Debug|Any CPU
		{4C0DE722-DAAB-4C4F-9EDA-C1619DF61795}.Debug|x86.ActiveCfg = Debug|Any CPU
		{4C0DE722-DAAB-4C4F-9EDA-C1619DF61795}.Debug|x86.Build.0 = Debug|Any CPU
		{4C0DE722-DAAB-4C4F-9EDA-C1619DF61795}.Release|Any CPU.ActiveCfg = Release|Any CPU
		{4C0DE722-DAAB-4C4F-9EDA-C1619DF61795}.Release|Any CPU.Build.0 = Release|Any CPU
		{4C0DE722-DAAB-4C4F-9EDA-C1619DF61795}.Release|x64.ActiveCfg = Release|Any CPU
		{4C0DE722-DAAB-4C4F-9EDA-C1619DF61795}.Release|x64.Build.0 = Release|Any CPU
		{4C0DE722-DAAB-4C4F-9EDA-C1619DF61795}.Release|x86.ActiveCfg = Release|Any CPU
		{4C0DE722-DAAB-4C4F-9EDA-C1619DF61795}.Release|x86.Build.0 = Release|Any CPU
	EndGlobalSection
	GlobalSection(SolutionProperties) = preSolution
		HideSolutionNode = FALSE
	EndGlobalSection
EndGlobal
